
Microsoft Visual Studio Solution File, Format Version 12.00
# Visual Studio Version 16
VisualStudioVersion = 16.0.29418.71
MinimumVisualStudioVersion = 10.0.40219.1
Project("{8BC9CEB8-8B4A-11D0-8D11-00A0C91BC942}") = "OOP-laba2", "OOP-laba2\OOP-laba2.vcxproj", "{16637A4A-C9CC-4E5D-BC2C-EDE997F8F025}"
EndProject
Global
	GlobalSection(SolutionConfigurationPlatforms) = preSolution
		Debug|x64 = Debug|x64
		Debug|x86 = Debug|x86
		Release|x64 = Release|x64
		Release|x86 = Release|x86
	EndGlobalSection
	GlobalSection(ProjectConfigurationPlatforms) = postSolution
		{16637A4A-C9CC-4E5D-BC2C-EDE997F8F025}.Debug|x64.ActiveCfg = Debug|x64
		{16637A4A-C9CC-4E5D-BC2C-EDE997F8F025}.Debug|x64.Build.0 = Debug|x64
		{16637A4A-C9CC-4E5D-BC2C-EDE997F8F025}.Debug|x86.ActiveCfg = Debug|Win32
		{16637A4A-C9CC-4E5D-BC2C-EDE997F8F025}.Debug|x86.Build.0 = Debug|Win32
		{16637A4A-C9CC-4E5D-BC2C-EDE997F8F025}.Release|x64.ActiveCfg = Release|x64
		{16637A4A-C9CC-4E5D-BC2C-EDE997F8F025}.Release|x64.Build.0 = Release|x64
		{16637A4A-C9CC-4E5D-BC2C-EDE997F8F025}.Release|x86.ActiveCfg = Release|Win32
		{16637A4A-C9CC-4E5D-BC2C-EDE997F8F025}.Release|x86.Build.0 = Release|Win32
	EndGlobalSection
	GlobalSection(SolutionProperties) = preSolution
		HideSolutionNode = FALSE
	EndGlobalSection
	GlobalSection(ExtensibilityGlobals) = postSolution
		SolutionGuid = {09464D22-F20D-4EB9-80CA-80A6A5D00B20}
	EndGlobalSection
EndGlobal
